// !$*UTF8*$!
{
	archiveVersion = 1;
	classes = {
	};
	objectVersion = 46;
	objects = {

/* Begin PBXBuildFile section */
		1FBB72261AF9341F005B3F99 /* XDMulticastDelegate.m in Sources */ = {isa = PBXBuildFile; fileRef = 1FBB72251AF9341F005B3F99 /* XDMulticastDelegate.m */; };
		1FBB72291AF9356D005B3F99 /* MulticastDelegateDemoVC.m in Sources */ = {isa = PBXBuildFile; fileRef = 1FBB72281AF9356D005B3F99 /* MulticastDelegateDemoVC.m */; };
		1FC8F5901AF7DA0D00CA2AC0 /* main.m in Sources */ = {isa = PBXBuildFile; fileRef = 1FC8F58F1AF7DA0D00CA2AC0 /* main.m */; };
		1FC8F5931AF7DA0D00CA2AC0 /* AppDelegate.m in Sources */ = {isa = PBXBuildFile; fileRef = 1FC8F5921AF7DA0D00CA2AC0 /* AppDelegate.m */; };
		1FC8F5991AF7DA0D00CA2AC0 /* Main.storyboard in Resources */ = {isa = PBXBuildFile; fileRef = 1FC8F5971AF7DA0D00CA2AC0 /* Main.storyboard */; };
		1FC8F59B1AF7DA0D00CA2AC0 /* Images.xcassets in Resources */ = {isa = PBXBuildFile; fileRef = 1FC8F59A1AF7DA0D00CA2AC0 /* Images.xcassets */; };
		1FC8F59E1AF7DA0D00CA2AC0 /* LaunchScreen.xib in Resources */ = {isa = PBXBuildFile; fileRef = 1FC8F59C1AF7DA0D00CA2AC0 /* LaunchScreen.xib */; };
		1FC8F5AA1AF7DA0D00CA2AC0 /* XDCommonLibTests.m in Sources */ = {isa = PBXBuildFile; fileRef = 1FC8F5A91AF7DA0D00CA2AC0 /* XDCommonLibTests.m */; };
		1FC8F5B71AF7DB2E00CA2AC0 /* ViewController.m in Sources */ = {isa = PBXBuildFile; fileRef = 1FC8F5B61AF7DB2E00CA2AC0 /* ViewController.m */; };
		1FC8F5BD1AF7DCF000CA2AC0 /* XDPreCompile.m in Sources */ = {isa = PBXBuildFile; fileRef = 1FC8F5BC1AF7DCF000CA2AC0 /* XDPreCompile.m */; };
		1FC8F5C41AF7DE7800CA2AC0 /* NSString+Utils.m in Sources */ = {isa = PBXBuildFile; fileRef = 1FC8F5C11AF7DE7800CA2AC0 /* NSString+Utils.m */; };
		1FC8F5C81AF7DFFD00CA2AC0 /* NSDate+Utils.m in Sources */ = {isa = PBXBuildFile; fileRef = 1FC8F5C71AF7DFFD00CA2AC0 /* NSDate+Utils.m */; };
		1FD67EC71AF894A100B05A1F /* XDPerformance.m in Sources */ = {isa = PBXBuildFile; fileRef = 1FD67EC61AF894A100B05A1F /* XDPerformance.m */; };
		1FE27D5D1AF9B3DA00E54012 /* TCP.json in Resources */ = {isa = PBXBuildFile; fileRef = 1FE27D5C1AF9B3DA00E54012 /* TCP.json */; };
		1FE27D611AF9B41A00E54012 /* UI.json in Resources */ = {isa = PBXBuildFile; fileRef = 1FE27D601AF9B41A00E54012 /* UI.json */; };
		1FE27D631AF9B42B00E54012 /* UI+Categories.json in Resources */ = {isa = PBXBuildFile; fileRef = 1FE27D621AF9B42B00E54012 /* UI+Categories.json */; };
		1FE27D651AF9B46900E54012 /* Foundation.json in Resources */ = {isa = PBXBuildFile; fileRef = 1FE27D641AF9B46900E54012 /* Foundation.json */; };
		1FE27D671AF9B47E00E54012 /* Foundation+Categories.json in Resources */ = {isa = PBXBuildFile; fileRef = 1FE27D661AF9B47E00E54012 /* Foundation+Categories.json */; };
		1FE27D691AF9B48A00E54012 /* Debug.json in Resources */ = {isa = PBXBuildFile; fileRef = 1FE27D681AF9B48A00E54012 /* Debug.json */; };
		1FE27D6B1AF9B49C00E54012 /* HTTP.json in Resources */ = {isa = PBXBuildFile; fileRef = 1FE27D6A1AF9B49C00E54012 /* HTTP.json */; };
		1FE27D711AF9C50000E54012 /* XDDebugUtils.m in Sources */ = {isa = PBXBuildFile; fileRef = 1FE27D701AF9C50000E54012 /* XDDebugUtils.m */; };
/* End PBXBuildFile section */

/* Begin PBXContainerItemProxy section */
		1FC8F5A41AF7DA0D00CA2AC0 /* PBXContainerItemProxy */ = {
			isa = PBXContainerItemProxy;
			containerPortal = 1FC8F5821AF7DA0D00CA2AC0 /* Project object */;
			proxyType = 1;
			remoteGlobalIDString = 1FC8F5891AF7DA0D00CA2AC0;
			remoteInfo = XDCommonLib;
		};
/* End PBXContainerItemProxy section */

/* Begin PBXFileReference section */
		1FBB72241AF9341F005B3F99 /* XDMulticastDelegate.h */ = {isa = PBXFileReference; fileEncoding = 4; lastKnownFileType = sourcecode.c.h; path = XDMulticastDelegate.h; sourceTree = "<group>"; };
		1FBB72251AF9341F005B3F99 /* XDMulticastDelegate.m */ = {isa = PBXFileReference; fileEncoding = 4; lastKnownFileType = sourcecode.c.objc; path = XDMulticastDelegate.m; sourceTree = "<group>"; };
		1FBB72271AF9356D005B3F99 /* MulticastDelegateDemoVC.h */ = {isa = PBXFileReference; fileEncoding = 4; lastKnownFileType = sourcecode.c.h; path = MulticastDelegateDemoVC.h; sourceTree = "<group>"; };
		1FBB72281AF9356D005B3F99 /* MulticastDelegateDemoVC.m */ = {isa = PBXFileReference; fileEncoding = 4; lastKnownFileType = sourcecode.c.objc; path = MulticastDelegateDemoVC.m; sourceTree = "<group>"; };
		1FC8F58A1AF7DA0D00CA2AC0 /* XDCommonLib.app */ = {isa = PBXFileReference; explicitFileType = wrapper.application; includeInIndex = 0; path = XDCommonLib.app; sourceTree = BUILT_PRODUCTS_DIR; };
		1FC8F58E1AF7DA0D00CA2AC0 /* Info.plist */ = {isa = PBXFileReference; lastKnownFileType = text.plist.xml; path = Info.plist; sourceTree = "<group>"; };
		1FC8F58F1AF7DA0D00CA2AC0 /* main.m */ = {isa = PBXFileReference; lastKnownFileType = sourcecode.c.objc; path = main.m; sourceTree = "<group>"; };
		1FC8F5911AF7DA0D00CA2AC0 /* AppDelegate.h */ = {isa = PBXFileReference; lastKnownFileType = sourcecode.c.h; path = AppDelegate.h; sourceTree = "<group>"; };
		1FC8F5921AF7DA0D00CA2AC0 /* AppDelegate.m */ = {isa = PBXFileReference; lastKnownFileType = sourcecode.c.objc; path = AppDelegate.m; sourceTree = "<group>"; };
		1FC8F5981AF7DA0D00CA2AC0 /* Base */ = {isa = PBXFileReference; lastKnownFileType = file.storyboard; name = Base; path = Base.lproj/Main.storyboard; sourceTree = "<group>"; };
		1FC8F59A1AF7DA0D00CA2AC0 /* Images.xcassets */ = {isa = PBXFileReference; lastKnownFileType = folder.assetcatalog; path = Images.xcassets; sourceTree = "<group>"; };
		1FC8F59D1AF7DA0D00CA2AC0 /* Base */ = {isa = PBXFileReference; lastKnownFileType = file.xib; name = Base; path = Base.lproj/LaunchScreen.xib; sourceTree = "<group>"; };
		1FC8F5A31AF7DA0D00CA2AC0 /* XDCommonLibTests.xctest */ = {isa = PBXFileReference; explicitFileType = wrapper.cfbundle; includeInIndex = 0; path = XDCommonLibTests.xctest; sourceTree = BUILT_PRODUCTS_DIR; };
		1FC8F5A81AF7DA0D00CA2AC0 /* Info.plist */ = {isa = PBXFileReference; lastKnownFileType = text.plist.xml; path = Info.plist; sourceTree = "<group>"; };
		1FC8F5A91AF7DA0D00CA2AC0 /* XDCommonLibTests.m */ = {isa = PBXFileReference; lastKnownFileType = sourcecode.c.objc; path = XDCommonLibTests.m; sourceTree = "<group>"; };
		1FC8F5B51AF7DB2E00CA2AC0 /* ViewController.h */ = {isa = PBXFileReference; fileEncoding = 4; lastKnownFileType = sourcecode.c.h; path = ViewController.h; sourceTree = "<group>"; };
		1FC8F5B61AF7DB2E00CA2AC0 /* ViewController.m */ = {isa = PBXFileReference; fileEncoding = 4; lastKnownFileType = sourcecode.c.objc; path = ViewController.m; sourceTree = "<group>"; };
		1FC8F5BA1AF7DBC500CA2AC0 /* XDPreCompile.h */ = {isa = PBXFileReference; fileEncoding = 4; lastKnownFileType = sourcecode.c.h; path = XDPreCompile.h; sourceTree = "<group>"; };
		1FC8F5BC1AF7DCF000CA2AC0 /* XDPreCompile.m */ = {isa = PBXFileReference; fileEncoding = 4; lastKnownFileType = sourcecode.c.objc; path = XDPreCompile.m; sourceTree = "<group>"; };
		1FC8F5BF1AF7DDEC00CA2AC0 /* XDCommonLib-Prefix.pch */ = {isa = PBXFileReference; fileEncoding = 4; lastKnownFileType = sourcecode.c.h; path = "XDCommonLib-Prefix.pch"; sourceTree = "<group>"; };
		1FC8F5C01AF7DE7800CA2AC0 /* NSString+Utils.h */ = {isa = PBXFileReference; fileEncoding = 4; lastKnownFileType = sourcecode.c.h; path = "NSString+Utils.h"; sourceTree = "<group>"; };
		1FC8F5C11AF7DE7800CA2AC0 /* NSString+Utils.m */ = {isa = PBXFileReference; fileEncoding = 4; lastKnownFileType = sourcecode.c.objc; path = "NSString+Utils.m"; sourceTree = "<group>"; };
		1FC8F5C61AF7DFFD00CA2AC0 /* NSDate+Utils.h */ = {isa = PBXFileReference; fileEncoding = 4; lastKnownFileType = sourcecode.c.h; path = "NSDate+Utils.h"; sourceTree = "<group>"; };
		1FC8F5C71AF7DFFD00CA2AC0 /* NSDate+Utils.m */ = {isa = PBXFileReference; fileEncoding = 4; lastKnownFileType = sourcecode.c.objc; path = "NSDate+Utils.m"; sourceTree = "<group>"; };
		1FC8F5C91AF7E18700CA2AC0 /* XDDebug.h */ = {isa = PBXFileReference; fileEncoding = 4; lastKnownFileType = sourcecode.c.h; path = XDDebug.h; sourceTree = "<group>"; };
		1FD67EC51AF894A100B05A1F /* XDPerformance.h */ = {isa = PBXFileReference; fileEncoding = 4; lastKnownFileType = sourcecode.c.h; path = XDPerformance.h; sourceTree = "<group>"; };
		1FD67EC61AF894A100B05A1F /* XDPerformance.m */ = {isa = PBXFileReference; fileEncoding = 4; lastKnownFileType = sourcecode.c.objc; path = XDPerformance.m; sourceTree = "<group>"; };
		1FE27D5C1AF9B3DA00E54012 /* TCP.json */ = {isa = PBXFileReference; fileEncoding = 4; lastKnownFileType = text.json; path = TCP.json; sourceTree = "<group>"; };
		1FE27D601AF9B41A00E54012 /* UI.json */ = {isa = PBXFileReference; fileEncoding = 4; lastKnownFileType = text.json; path = UI.json; sourceTree = "<group>"; };
		1FE27D621AF9B42B00E54012 /* UI+Categories.json */ = {isa = PBXFileReference; fileEncoding = 4; lastKnownFileType = text.json; path = "UI+Categories.json"; sourceTree = "<group>"; };
		1FE27D641AF9B46900E54012 /* Foundation.json */ = {isa = PBXFileReference; fileEncoding = 4; lastKnownFileType = text.json; path = Foundation.json; sourceTree = "<group>"; };
		1FE27D661AF9B47E00E54012 /* Foundation+Categories.json */ = {isa = PBXFileReference; fileEncoding = 4; lastKnownFileType = text.json; path = "Foundation+Categories.json"; sourceTree = "<group>"; };
		1FE27D681AF9B48A00E54012 /* Debug.json */ = {isa = PBXFileReference; fileEncoding = 4; lastKnownFileType = text.json; path = Debug.json; sourceTree = "<group>"; };
		1FE27D6A1AF9B49C00E54012 /* HTTP.json */ = {isa = PBXFileReference; fileEncoding = 4; lastKnownFileType = text.json; path = HTTP.json; sourceTree = "<group>"; };
		1FE27D6F1AF9C50000E54012 /* XDDebugUtils.h */ = {isa = PBXFileReference; fileEncoding = 4; lastKnownFileType = sourcecode.c.h; path = XDDebugUtils.h; sourceTree = "<group>"; };
		1FE27D701AF9C50000E54012 /* XDDebugUtils.m */ = {isa = PBXFileReference; fileEncoding = 4; lastKnownFileType = sourcecode.c.objc; path = XDDebugUtils.m; sourceTree = "<group>"; };
/* End PBXFileReference section */

/* Begin PBXFrameworksBuildPhase section */
		1FC8F5871AF7DA0D00CA2AC0 /* Frameworks */ = {
			isa = PBXFrameworksBuildPhase;
			buildActionMask = 2147483647;
			files = (
			);
			runOnlyForDeploymentPostprocessing = 0;
		};
		1FC8F5A01AF7DA0D00CA2AC0 /* Frameworks */ = {
			isa = PBXFrameworksBuildPhase;
			buildActionMask = 2147483647;
			files = (
			);
			runOnlyForDeploymentPostprocessing = 0;
		};
/* End PBXFrameworksBuildPhase section */

/* Begin PBXGroup section */
		1FBB72201AF93253005B3F99 /* Foundation */ = {
			isa = PBXGroup;
			children = (
				1FBB72241AF9341F005B3F99 /* XDMulticastDelegate.h */,
				1FBB72251AF9341F005B3F99 /* XDMulticastDelegate.m */,
				1FE27D641AF9B46900E54012 /* Foundation.json */,
			);
			path = Foundation;
			sourceTree = "<group>";
		};
		1FC8F5811AF7DA0D00CA2AC0 = {
			isa = PBXGroup;
			children = (
				1FC8F58C1AF7DA0D00CA2AC0 /* XDCommonLib */,
				1FC8F5A61AF7DA0D00CA2AC0 /* XDCommonLibTests */,
				1FC8F58B1AF7DA0D00CA2AC0 /* Products */,
			);
			sourceTree = "<group>";
		};
		1FC8F58B1AF7DA0D00CA2AC0 /* Products */ = {
			isa = PBXGroup;
			children = (
				1FC8F58A1AF7DA0D00CA2AC0 /* XDCommonLib.app */,
				1FC8F5A31AF7DA0D00CA2AC0 /* XDCommonLibTests.xctest */,
			);
			name = Products;
			sourceTree = "<group>";
		};
		1FC8F58C1AF7DA0D00CA2AC0 /* XDCommonLib */ = {
			isa = PBXGroup;
			children = (
				1FC8F5B81AF7DB4000CA2AC0 /* Core */,
				1FC8F5B31AF7DB0700CA2AC0 /* XDCommonLibTests */,
				1FC8F5911AF7DA0D00CA2AC0 /* AppDelegate.h */,
				1FC8F5921AF7DA0D00CA2AC0 /* AppDelegate.m */,
				1FC8F5971AF7DA0D00CA2AC0 /* Main.storyboard */,
				1FC8F59A1AF7DA0D00CA2AC0 /* Images.xcassets */,
				1FC8F59C1AF7DA0D00CA2AC0 /* LaunchScreen.xib */,
				1FC8F58D1AF7DA0D00CA2AC0 /* Supporting Files */,
			);
			path = XDCommonLib;
			sourceTree = "<group>";
		};
		1FC8F58D1AF7DA0D00CA2AC0 /* Supporting Files */ = {
			isa = PBXGroup;
			children = (
				1FC8F58E1AF7DA0D00CA2AC0 /* Info.plist */,
				1FC8F58F1AF7DA0D00CA2AC0 /* main.m */,
				1FC8F5BF1AF7DDEC00CA2AC0 /* XDCommonLib-Prefix.pch */,
			);
			name = "Supporting Files";
			sourceTree = "<group>";
		};
		1FC8F5A61AF7DA0D00CA2AC0 /* XDCommonLibTests */ = {
			isa = PBXGroup;
			children = (
				1FC8F5A91AF7DA0D00CA2AC0 /* XDCommonLibTests.m */,
				1FC8F5A71AF7DA0D00CA2AC0 /* Supporting Files */,
			);
			path = XDCommonLibTests;
			sourceTree = "<group>";
		};
		1FC8F5A71AF7DA0D00CA2AC0 /* Supporting Files */ = {
			isa = PBXGroup;
			children = (
				1FC8F5A81AF7DA0D00CA2AC0 /* Info.plist */,
			);
			name = "Supporting Files";
			sourceTree = "<group>";
		};
		1FC8F5B31AF7DB0700CA2AC0 /* XDCommonLibTests */ = {
			isa = PBXGroup;
			children = (
				1FC8F5B41AF7DB2E00CA2AC0 /* VC */,
			);
			path = XDCommonLibTests;
			sourceTree = "<group>";
		};
		1FC8F5B41AF7DB2E00CA2AC0 /* VC */ = {
			isa = PBXGroup;
			children = (
				1FC8F5B51AF7DB2E00CA2AC0 /* ViewController.h */,
				1FC8F5B61AF7DB2E00CA2AC0 /* ViewController.m */,
				1FBB72271AF9356D005B3F99 /* MulticastDelegateDemoVC.h */,
				1FBB72281AF9356D005B3F99 /* MulticastDelegateDemoVC.m */,
			);
			path = VC;
			sourceTree = "<group>";
		};
		1FC8F5B81AF7DB4000CA2AC0 /* Core */ = {
			isa = PBXGroup;
			children = (
				1FC8F5BA1AF7DBC500CA2AC0 /* XDPreCompile.h */,
				1FC8F5BC1AF7DCF000CA2AC0 /* XDPreCompile.m */,
				1FE27D5E1AF9B40C00E54012 /* UI */,
				1FE27D5F1AF9B40C00E54012 /* UI+Categories */,
				1FE27D581AF9B3BE00E54012 /* Modules */,
				1FBB72201AF93253005B3F99 /* Foundation */,
				1FC8F5BE1AF7DD8200CA2AC0 /* Foundation+Categories */,
				1FC8F5B91AF7DB4000CA2AC0 /* Debug */,
			);
			path = Core;
			sourceTree = "<group>";
		};
		1FC8F5B91AF7DB4000CA2AC0 /* Debug */ = {
			isa = PBXGroup;
			children = (
				1FC8F5C91AF7E18700CA2AC0 /* XDDebug.h */,
				1FE27D6F1AF9C50000E54012 /* XDDebugUtils.h */,
				1FE27D701AF9C50000E54012 /* XDDebugUtils.m */,
				1FD67EC51AF894A100B05A1F /* XDPerformance.h */,
				1FD67EC61AF894A100B05A1F /* XDPerformance.m */,
				1FE27D681AF9B48A00E54012 /* Debug.json */,
			);
			path = Debug;
			sourceTree = "<group>";
		};
		1FC8F5BE1AF7DD8200CA2AC0 /* Foundation+Categories */ = {
			isa = PBXGroup;
			children = (
				1FC8F5C01AF7DE7800CA2AC0 /* NSString+Utils.h */,
				1FC8F5C11AF7DE7800CA2AC0 /* NSString+Utils.m */,
				1FC8F5C61AF7DFFD00CA2AC0 /* NSDate+Utils.h */,
				1FC8F5C71AF7DFFD00CA2AC0 /* NSDate+Utils.m */,
				1FE27D661AF9B47E00E54012 /* Foundation+Categories.json */,
			);
			path = "Foundation+Categories";
			sourceTree = "<group>";
		};
		1FE27D581AF9B3BE00E54012 /* Modules */ = {
			isa = PBXGroup;
			children = (
				1FE27D591AF9B3BE00E54012 /* HTTP */,
				1FE27D5B1AF9B3BE00E54012 /* TCP */,
			);
			path = Modules;
			sourceTree = "<group>";
		};
		1FE27D591AF9B3BE00E54012 /* HTTP */ = {
			isa = PBXGroup;
			children = (
				1FE27D5A1AF9B3BE00E54012 /* XDDownloadManager */,
				1FE27D6A1AF9B49C00E54012 /* HTTP.json */,
			);
			path = HTTP;
			sourceTree = "<group>";
		};
		1FE27D5A1AF9B3BE00E54012 /* XDDownloadManager */ = {
			isa = PBXGroup;
			children = (
			);
			path = XDDownloadManager;
			sourceTree = "<group>";
		};
		1FE27D5B1AF9B3BE00E54012 /* TCP */ = {
			isa = PBXGroup;
			children = (
				1FE27D5C1AF9B3DA00E54012 /* TCP.json */,
			);
			path = TCP;
			sourceTree = "<group>";
		};
		1FE27D5E1AF9B40C00E54012 /* UI */ = {
			isa = PBXGroup;
			children = (
				1FE27D601AF9B41A00E54012 /* UI.json */,
			);
			path = UI;
			sourceTree = "<group>";
		};
		1FE27D5F1AF9B40C00E54012 /* UI+Categories */ = {
			isa = PBXGroup;
			children = (
				1FE27D621AF9B42B00E54012 /* UI+Categories.json */,
			);
			path = "UI+Categories";
			sourceTree = "<group>";
		};
/* End PBXGroup section */

/* Begin PBXNativeTarget section */
		1FC8F5891AF7DA0D00CA2AC0 /* XDCommonLib */ = {
			isa = PBXNativeTarget;
			buildConfigurationList = 1FC8F5AD1AF7DA0D00CA2AC0 /* Build configuration list for PBXNativeTarget "XDCommonLib" */;
			buildPhases = (
				1FC8F5861AF7DA0D00CA2AC0 /* Sources */,
				1FC8F5871AF7DA0D00CA2AC0 /* Frameworks */,
				1FC8F5881AF7DA0D00CA2AC0 /* Resources */,
			);
			buildRules = (
			);
			dependencies = (
			);
			name = XDCommonLib;
			productName = XDCommonLib;
			productReference = 1FC8F58A1AF7DA0D00CA2AC0 /* XDCommonLib.app */;
			productType = "com.apple.product-type.application";
		};
		1FC8F5A21AF7DA0D00CA2AC0 /* XDCommonLibTests */ = {
			isa = PBXNativeTarget;
			buildConfigurationList = 1FC8F5B01AF7DA0D00CA2AC0 /* Build configuration list for PBXNativeTarget "XDCommonLibTests" */;
			buildPhases = (
				1FC8F59F1AF7DA0D00CA2AC0 /* Sources */,
				1FC8F5A01AF7DA0D00CA2AC0 /* Frameworks */,
				1FC8F5A11AF7DA0D00CA2AC0 /* Resources */,
			);
			buildRules = (
			);
			dependencies = (
				1FC8F5A51AF7DA0D00CA2AC0 /* PBXTargetDependency */,
			);
			name = XDCommonLibTests;
			productName = XDCommonLibTests;
			productReference = 1FC8F5A31AF7DA0D00CA2AC0 /* XDCommonLibTests.xctest */;
			productType = "com.apple.product-type.bundle.unit-test";
		};
/* End PBXNativeTarget section */

/* Begin PBXProject section */
		1FC8F5821AF7DA0D00CA2AC0 /* Project object */ = {
			isa = PBXProject;
			attributes = {
				LastUpgradeCheck = 0610;
				ORGANIZATIONNAME = "su xinde";
				TargetAttributes = {
					1FC8F5891AF7DA0D00CA2AC0 = {
						CreatedOnToolsVersion = 6.1;
					};
					1FC8F5A21AF7DA0D00CA2AC0 = {
						CreatedOnToolsVersion = 6.1;
						TestTargetID = 1FC8F5891AF7DA0D00CA2AC0;
					};
				};
			};
			buildConfigurationList = 1FC8F5851AF7DA0D00CA2AC0 /* Build configuration list for PBXProject "XDCommonLib" */;
			compatibilityVersion = "Xcode 3.2";
			developmentRegion = English;
			hasScannedForEncodings = 0;
			knownRegions = (
				en,
				Base,
			);
			mainGroup = 1FC8F5811AF7DA0D00CA2AC0;
			productRefGroup = 1FC8F58B1AF7DA0D00CA2AC0 /* Products */;
			projectDirPath = "";
			projectRoot = "";
			targets = (
				1FC8F5891AF7DA0D00CA2AC0 /* XDCommonLib */,
				1FC8F5A21AF7DA0D00CA2AC0 /* XDCommonLibTests */,
			);
		};
/* End PBXProject section */

/* Begin PBXResourcesBuildPhase section */
		1FC8F5881AF7DA0D00CA2AC0 /* Resources */ = {
			isa = PBXResourcesBuildPhase;
			buildActionMask = 2147483647;
			files = (
				1FE27D651AF9B46900E54012 /* Foundation.json in Resources */,
				1FC8F5991AF7DA0D00CA2AC0 /* Main.storyboard in Resources */,
				1FE27D671AF9B47E00E54012 /* Foundation+Categories.json in Resources */,
				1FE27D6B1AF9B49C00E54012 /* HTTP.json in Resources */,
				1FE27D631AF9B42B00E54012 /* UI+Categories.json in Resources */,
				1FE27D691AF9B48A00E54012 /* Debug.json in Resources */,
				1FC8F59E1AF7DA0D00CA2AC0 /* LaunchScreen.xib in Resources */,
				1FC8F59B1AF7DA0D00CA2AC0 /* Images.xcassets in Resources */,
				1FE27D611AF9B41A00E54012 /* UI.json in Resources */,
				1FE27D5D1AF9B3DA00E54012 /* TCP.json in Resources */,
			);
			runOnlyForDeploymentPostprocessing = 0;
		};
		1FC8F5A11AF7DA0D00CA2AC0 /* Resources */ = {
			isa = PBXResourcesBuildPhase;
			buildActionMask = 2147483647;
			files = (
			);
			runOnlyForDeploymentPostprocessing = 0;
		};
/* End PBXResourcesBuildPhase section */

/* Begin PBXSourcesBuildPhase section */
		1FC8F5861AF7DA0D00CA2AC0 /* Sources */ = {
			isa = PBXSourcesBuildPhase;
			buildActionMask = 2147483647;
			files = (
				1FD67EC71AF894A100B05A1F /* XDPerformance.m in Sources */,
				1FC8F5B71AF7DB2E00CA2AC0 /* ViewController.m in Sources */,
				1FC8F5931AF7DA0D00CA2AC0 /* AppDelegate.m in Sources */,
				1FE27D711AF9C50000E54012 /* XDDebugUtils.m in Sources */,
				1FC8F5C41AF7DE7800CA2AC0 /* NSString+Utils.m in Sources */,
				1FC8F5BD1AF7DCF000CA2AC0 /* XDPreCompile.m in Sources */,
				1FBB72261AF9341F005B3F99 /* XDMulticastDelegate.m in Sources */,
				1FBB72291AF9356D005B3F99 /* MulticastDelegateDemoVC.m in Sources */,
				1FC8F5C81AF7DFFD00CA2AC0 /* NSDate+Utils.m in Sources */,
				1FC8F5901AF7DA0D00CA2AC0 /* main.m in Sources */,
			);
			runOnlyForDeploymentPostprocessing = 0;
		};
		1FC8F59F1AF7DA0D00CA2AC0 /* Sources */ = {
			isa = PBXSourcesBuildPhase;
			buildActionMask = 2147483647;
			files = (
				1FC8F5AA1AF7DA0D00CA2AC0 /* XDCommonLibTests.m in Sources */,
			);
			runOnlyForDeploymentPostprocessing = 0;
		};
/* End PBXSourcesBuildPhase section */

/* Begin PBXTargetDependency section */
		1FC8F5A51AF7DA0D00CA2AC0 /* PBXTargetDependency */ = {
			isa = PBXTargetDependency;
			target = 1FC8F5891AF7DA0D00CA2AC0 /* XDCommonLib */;
			targetProxy = 1FC8F5A41AF7DA0D00CA2AC0 /* PBXContainerItemProxy */;
		};
/* End PBXTargetDependency section */

/* Begin PBXVariantGroup section */
		1FC8F5971AF7DA0D00CA2AC0 /* Main.storyboard */ = {
			isa = PBXVariantGroup;
			children = (
				1FC8F5981AF7DA0D00CA2AC0 /* Base */,
			);
			name = Main.storyboard;
			sourceTree = "<group>";
		};
		1FC8F59C1AF7DA0D00CA2AC0 /* LaunchScreen.xib */ = {
			isa = PBXVariantGroup;
			children = (
				1FC8F59D1AF7DA0D00CA2AC0 /* Base */,
			);
			name = LaunchScreen.xib;
			sourceTree = "<group>";
		};
/* End PBXVariantGroup section */

/* Begin XCBuildConfiguration section */
		1FC8F5AB1AF7DA0D00CA2AC0 /* Debug */ = {
			isa = XCBuildConfiguration;
			buildSettings = {
				ALWAYS_SEARCH_USER_PATHS = NO;
				CLANG_CXX_LANGUAGE_STANDARD = "gnu++0x";
				CLANG_CXX_LIBRARY = "libc++";
				CLANG_ENABLE_MODULES = YES;
				CLANG_ENABLE_OBJC_ARC = YES;
				CLANG_WARN_BOOL_CONVERSION = YES;
				CLANG_WARN_CONSTANT_CONVERSION = YES;
				CLANG_WARN_DIRECT_OBJC_ISA_USAGE = YES_ERROR;
				CLANG_WARN_EMPTY_BODY = YES;
				CLANG_WARN_ENUM_CONVERSION = YES;
				CLANG_WARN_INT_CONVERSION = YES;
				CLANG_WARN_OBJC_ROOT_CLASS = YES_ERROR;
				CLANG_WARN_UNREACHABLE_CODE = YES;
				CLANG_WARN__DUPLICATE_METHOD_MATCH = YES;
				"CODE_SIGN_IDENTITY[sdk=iphoneos*]" = "iPhone Developer";
				COPY_PHASE_STRIP = NO;
				ENABLE_STRICT_OBJC_MSGSEND = YES;
				GCC_C_LANGUAGE_STANDARD = gnu99;
				GCC_DYNAMIC_NO_PIC = NO;
				GCC_OPTIMIZATION_LEVEL = 0;
				GCC_PREPROCESSOR_DEFINITIONS = (
					"DEBUG=1",
					"$(inherited)",
				);
				GCC_SYMBOLS_PRIVATE_EXTERN = NO;
				GCC_WARN_64_TO_32_BIT_CONVERSION = YES;
				GCC_WARN_ABOUT_RETURN_TYPE = YES_ERROR;
				GCC_WARN_UNDECLARED_SELECTOR = YES;
				GCC_WARN_UNINITIALIZED_AUTOS = YES_AGGRESSIVE;
				GCC_WARN_UNUSED_FUNCTION = YES;
				GCC_WARN_UNUSED_VARIABLE = YES;
				HEADER_SEARCH_PATHS = (
					"$(inherited)",
					/Applications/Xcode.app/Contents/Developer/Toolchains/XcodeDefault.xctoolchain/usr/include,
					"${SDK_DIR}/usr/include/libxml2",
				);
				IPHONEOS_DEPLOYMENT_TARGET = 8.1;
				MTL_ENABLE_DEBUG_INFO = YES;
				ONLY_ACTIVE_ARCH = YES;
				SDKROOT = iphoneos;
				TARGETED_DEVICE_FAMILY = "1,2";
			};
			name = Debug;
		};
		1FC8F5AC1AF7DA0D00CA2AC0 /* Release */ = {
			isa = XCBuildConfiguration;
			buildSettings = {
				ALWAYS_SEARCH_USER_PATHS = NO;
				CLANG_CXX_LANGUAGE_STANDARD = "gnu++0x";
				CLANG_CXX_LIBRARY = "libc++";
				CLANG_ENABLE_MODULES = YES;
				CLANG_ENABLE_OBJC_ARC = YES;
				CLANG_WARN_BOOL_CONVERSION = YES;
				CLANG_WARN_CONSTANT_CONVERSION = YES;
				CLANG_WARN_DIRECT_OBJC_ISA_USAGE = YES_ERROR;
				CLANG_WARN_EMPTY_BODY = YES;
				CLANG_WARN_ENUM_CONVERSION = YES;
				CLANG_WARN_INT_CONVERSION = YES;
				CLANG_WARN_OBJC_ROOT_CLASS = YES_ERROR;
				CLANG_WARN_UNREACHABLE_CODE = YES;
				CLANG_WARN__DUPLICATE_METHOD_MATCH = YES;
				"CODE_SIGN_IDENTITY[sdk=iphoneos*]" = "iPhone Developer";
				COPY_PHASE_STRIP = YES;
				ENABLE_NS_ASSERTIONS = NO;
				ENABLE_STRICT_OBJC_MSGSEND = YES;
				GCC_C_LANGUAGE_STANDARD = gnu99;
				GCC_WARN_64_TO_32_BIT_CONVERSION = YES;
				GCC_WARN_ABOUT_RETURN_TYPE = YES_ERROR;
				GCC_WARN_UNDECLARED_SELECTOR = YES;
				GCC_WARN_UNINITIALIZED_AUTOS = YES_AGGRESSIVE;
				GCC_WARN_UNUSED_FUNCTION = YES;
				GCC_WARN_UNUSED_VARIABLE = YES;
				HEADER_SEARCH_PATHS = (
					"$(inherited)",
					/Applications/Xcode.app/Contents/Developer/Toolchains/XcodeDefault.xctoolchain/usr/include,
					"${SDK_DIR}/usr/include/libxml2",
				);
				IPHONEOS_DEPLOYMENT_TARGET = 8.1;
				MTL_ENABLE_DEBUG_INFO = NO;
				SDKROOT = iphoneos;
				TARGETED_DEVICE_FAMILY = "1,2";
				VALIDATE_PRODUCT = YES;
			};
			name = Release;
		};
		1FC8F5AE1AF7DA0D00CA2AC0 /* Debug */ = {
			isa = XCBuildConfiguration;
			buildSettings = {
				ASSETCATALOG_COMPILER_APPICON_NAME = AppIcon;
				GCC_WARN_UNKNOWN_PRAGMAS = NO;
				INFOPLIST_FILE = XDCommonLib/Info.plist;
				LD_RUNPATH_SEARCH_PATHS = "$(inherited) @executable_path/Frameworks";
				PRODUCT_NAME = "$(TARGET_NAME)";
			};
			name = Debug;
		};
		1FC8F5AF1AF7DA0D00CA2AC0 /* Release */ = {
			isa = XCBuildConfiguration;
			buildSettings = {
				ASSETCATALOG_COMPILER_APPICON_NAME = AppIcon;
				GCC_WARN_UNKNOWN_PRAGMAS = NO;
				INFOPLIST_FILE = XDCommonLib/Info.plist;
				LD_RUNPATH_SEARCH_PATHS = "$(inherited) @executable_path/Frameworks";
				PRODUCT_NAME = "$(TARGET_NAME)";
			};
			name = Release;
		};
		1FC8F5B11AF7DA0D00CA2AC0 /* Debug */ = {
			isa = XCBuildConfiguration;
			buildSettings = {
				BUNDLE_LOADER = "$(TEST_HOST)";
				FRAMEWORK_SEARCH_PATHS = (
					"$(SDKROOT)/Developer/Library/Frameworks",
					"$(inherited)",
				);
				GCC_PREPROCESSOR_DEFINITIONS = (
					"DEBUG=1",
					"$(inherited)",
				);
				INFOPLIST_FILE = XDCommonLibTests/Info.plist;
				LD_RUNPATH_SEARCH_PATHS = "$(inherited) @executable_path/Frameworks @loader_path/Frameworks";
				PRODUCT_NAME = "$(TARGET_NAME)";
				TEST_HOST = "$(BUILT_PRODUCTS_DIR)/XDCommonLib.app/XDCommonLib";
			};
			name = Debug;
		};
		1FC8F5B21AF7DA0D00CA2AC0 /* Release */ = {
			isa = XCBuildConfiguration;
			buildSettings = {
				BUNDLE_LOADER = "$(TEST_HOST)";
				FRAMEWORK_SEARCH_PATHS = (
					"$(SDKROOT)/Developer/Library/Frameworks",
					"$(inherited)",
				);
				INFOPLIST_FILE = XDCommonLibTests/Info.plist;
				LD_RUNPATH_SEARCH_PATHS = "$(inherited) @executable_path/Frameworks @loader_path/Frameworks";
				PRODUCT_NAME = "$(TARGET_NAME)";
				TEST_HOST = "$(BUILT_PRODUCTS_DIR)/XDCommonLib.app/XDCommonLib";
			};
			name = Release;
		};
/* End XCBuildConfiguration section */

/* Begin XCConfigurationList section */
		1FC8F5851AF7DA0D00CA2AC0 /* Build configuration list for PBXProject "XDCommonLib" */ = {
			isa = XCConfigurationList;
			buildConfigurations = (
				1FC8F5AB1AF7DA0D00CA2AC0 /* Debug */,
				1FC8F5AC1AF7DA0D00CA2AC0 /* Release */,
			);
			defaultConfigurationIsVisible = 0;
			defaultConfigurationName = Release;
		};
		1FC8F5AD1AF7DA0D00CA2AC0 /* Build configuration list for PBXNativeTarget "XDCommonLib" */ = {
			isa = XCConfigurationList;
			buildConfigurations = (
				1FC8F5AE1AF7DA0D00CA2AC0 /* Debug */,
				1FC8F5AF1AF7DA0D00CA2AC0 /* Release */,
			);
			defaultConfigurationIsVisible = 0;
			defaultConfigurationName = Release;
		};
		1FC8F5B01AF7DA0D00CA2AC0 /* Build configuration list for PBXNativeTarget "XDCommonLibTests" */ = {
			isa = XCConfigurationList;
			buildConfigurations = (
				1FC8F5B11AF7DA0D00CA2AC0 /* Debug */,
				1FC8F5B21AF7DA0D00CA2AC0 /* Release */,
			);
			defaultConfigurationIsVisible = 0;
			defaultConfigurationName = Release;
		};
/* End XCConfigurationList section */
	};
	rootObject = 1FC8F5821AF7DA0D00CA2AC0 /* Project object */;
}
